
Microsoft Visual Studio Solution File, Format Version 12.00
# Visual Studio 15
VisualStudioVersion = 15.0.28307.438
MinimumVisualStudioVersion = 10.0.40219.1
Project("{FAE04EC0-301F-11D3-BF4B-00C04F79EFBC}") = "myxsl", "src\myxsl\myxsl.csproj", "{8A918123-1467-469E-9C78-6D37A8F911F3}"
EndProject
Project("{FAE04EC0-301F-11D3-BF4B-00C04F79EFBC}") = "myxsl.saxon", "src\myxsl.saxon\myxsl.saxon.csproj", "{5F9254A6-05F1-4255-A8F5-CC4490327DB1}"
EndProject
Project("{FAE04EC0-301F-11D3-BF4B-00C04F79EFBC}") = "myxsl.xml.xsl", "src\myxsl.xml.xsl\myxsl.xml.xsl.csproj", "{2219F10F-8694-4682-AE39-42975337B10C}"
EndProject
Project("{FAE04EC0-301F-11D3-BF4B-00C04F79EFBC}") = "myxsl.schematron", "src\myxsl.schematron\myxsl.schematron.csproj", "{E14E81CA-9E5E-47F1-BFE7-B01507FE082E}"
EndProject
Project("{FAE04EC0-301F-11D3-BF4B-00C04F79EFBC}") = "TestSchematron", "TestSchematron\TestSchematron.csproj", "{454783E0-A049-439B-907B-8A318B6FEA45}"
EndProject
Global
	GlobalSection(SolutionConfigurationPlatforms) = preSolution
		Debug|Any CPU = Debug|Any CPU
		Release|Any CPU = Release|Any CPU
	EndGlobalSection
	GlobalSection(ProjectConfigurationPlatforms) = postSolution
		{8A918123-1467-469E-9C78-6D37A8F911F3}.Debug|Any CPU.ActiveCfg = Debug|Any CPU
		{8A918123-1467-469E-9C78-6D37A8F911F3}.Debug|Any CPU.Build.0 = Debug|Any CPU
		{8A918123-1467-469E-9C78-6D37A8F911F3}.Release|Any CPU.ActiveCfg = Release|Any CPU
		{8A918123-1467-469E-9C78-6D37A8F911F3}.Release|Any CPU.Build.0 = Release|Any CPU
		{5F9254A6-05F1-4255-A8F5-CC4490327DB1}.Debug|Any CPU.ActiveCfg = Debug|Any CPU
		{5F9254A6-05F1-4255-A8F5-CC4490327DB1}.Debug|Any CPU.Build.0 = Debug|Any CPU
		{5F9254A6-05F1-4255-A8F5-CC4490327DB1}.Release|Any CPU.ActiveCfg = Release|Any CPU
		{5F9254A6-05F1-4255-A8F5-CC4490327DB1}.Release|Any CPU.Build.0 = Release|Any CPU
		{2219F10F-8694-4682-AE39-42975337B10C}.Debug|Any CPU.ActiveCfg = Debug|Any CPU
		{2219F10F-8694-4682-AE39-42975337B10C}.Debug|Any CPU.Build.0 = Debug|Any CPU
		{2219F10F-8694-4682-AE39-42975337B10C}.Release|Any CPU.ActiveCfg = Release|Any CPU
		{2219F10F-8694-4682-AE39-42975337B10C}.Release|Any CPU.Build.0 = Release|Any CPU
		{E14E81CA-9E5E-47F1-BFE7-B01507FE082E}.Debug|Any CPU.ActiveCfg = Debug|Any CPU
		{E14E81CA-9E5E-47F1-BFE7-B01507FE082E}.Debug|Any CPU.Build.0 = Debug|Any CPU
		{E14E81CA-9E5E-47F1-BFE7-B01507FE082E}.Release|Any CPU.ActiveCfg = Release|Any CPU
		{E14E81CA-9E5E-47F1-BFE7-B01507FE082E}.Release|Any CPU.Build.0 = Release|Any CPU
		{454783E0-A049-439B-907B-8A318B6FEA45}.Debug|Any CPU.ActiveCfg = Debug|Any CPU
		{454783E0-A049-439B-907B-8A318B6FEA45}.Debug|Any CPU.Build.0 = Debug|Any CPU
		{454783E0-A049-439B-907B-8A318B6FEA45}.Release|Any CPU.ActiveCfg = Release|Any CPU
		{454783E0-A049-439B-907B-8A318B6FEA45}.Release|Any CPU.Build.0 = Release|Any CPU
	EndGlobalSection
	GlobalSection(SolutionProperties) = preSolution
		HideSolutionNode = FALSE
	EndGlobalSection
	GlobalSection(ExtensibilityGlobals) = postSolution
		SolutionGuid = {E1592203-D2D3-4DE0-B3DD-A4AFAAD64F92}
	EndGlobalSection
EndGlobal
